
Microsoft Visual Studio Solution File, Format Version 12.00
# Visual Studio 15
VisualStudioVersion = 15.0.28307.168
MinimumVisualStudioVersion = 10.0.40219.1
Project("{2150E333-8FDC-42A3-9474-1A3956D46DE8}") = "1-Domain", "1-Domain", "{DF5A7D5A-E512-489F-B603-BBBCF1C575A9}"
EndProject
Project("{FAE04EC0-301F-11D3-BF4B-00C04F79EFBC}") = "Agenda.Domain", "Agenda.Domain\Agenda.Domain.csproj", "{AE0F3EBC-25A7-4979-9F14-15E67CE7C3F5}"
EndProject
Project("{2150E333-8FDC-42A3-9474-1A3956D46DE8}") = "2-SharedKernel", "2-SharedKernel", "{DCC6F7A0-3DC4-4564-A410-95A90EE742C1}"
EndProject
Project("{FAE04EC0-301F-11D3-BF4B-00C04F79EFBC}") = "Agenda.SharedKernel", "Agenda.SharedKernel\Agenda.SharedKernel.csproj", "{320DED7B-F5DA-4393-9EA3-8E94EC563B34}"
EndProject
Project("{2150E333-8FDC-42A3-9474-1A3956D46DE8}") = "3-Infra", "3-Infra", "{3F5FFCA3-1E45-4E47-A23D-A671372E992F}"
EndProject
Project("{FAE04EC0-301F-11D3-BF4B-00C04F79EFBC}") = "Agenda.Infra", "Agenda.Infra\Agenda.Infra.csproj", "{14C5B6B5-999A-4611-B807-E07BB4C3A6B2}"
EndProject
Project("{FAE04EC0-301F-11D3-BF4B-00C04F79EFBC}") = "Agenda.Domain.Tests", "Agenda.Domain.Tests\Agenda.Domain.Tests.csproj", "{C4F3146D-EE8C-41FB-84BE-C384BEB75E8B}"
EndProject
Project("{00D1A9C2-B5F0-4AF3-8072-F6C62B433612}") = "Agenda.Database", "Agenda.Database\Agenda.Database.sqlproj", "{3D8B7ACE-1C2F-4C28-988E-D73D8D8EB08E}"
EndProject
Global
	GlobalSection(SolutionConfigurationPlatforms) = preSolution
		Debug|Any CPU = Debug|Any CPU
		Release|Any CPU = Release|Any CPU
	EndGlobalSection
	GlobalSection(ProjectConfigurationPlatforms) = postSolution
		{AE0F3EBC-25A7-4979-9F14-15E67CE7C3F5}.Debug|Any CPU.ActiveCfg = Debug|Any CPU
		{AE0F3EBC-25A7-4979-9F14-15E67CE7C3F5}.Debug|Any CPU.Build.0 = Debug|Any CPU
		{AE0F3EBC-25A7-4979-9F14-15E67CE7C3F5}.Release|Any CPU.ActiveCfg = Release|Any CPU
		{AE0F3EBC-25A7-4979-9F14-15E67CE7C3F5}.Release|Any CPU.Build.0 = Release|Any CPU
		{320DED7B-F5DA-4393-9EA3-8E94EC563B34}.Debug|Any CPU.ActiveCfg = Debug|Any CPU
		{320DED7B-F5DA-4393-9EA3-8E94EC563B34}.Debug|Any CPU.Build.0 = Debug|Any CPU
		{320DED7B-F5DA-4393-9EA3-8E94EC563B34}.Release|Any CPU.ActiveCfg = Release|Any CPU
		{320DED7B-F5DA-4393-9EA3-8E94EC563B34}.Release|Any CPU.Build.0 = Release|Any CPU
		{14C5B6B5-999A-4611-B807-E07BB4C3A6B2}.Debug|Any CPU.ActiveCfg = Debug|Any CPU
		{14C5B6B5-999A-4611-B807-E07BB4C3A6B2}.Debug|Any CPU.Build.0 = Debug|Any CPU
		{14C5B6B5-999A-4611-B807-E07BB4C3A6B2}.Release|Any CPU.ActiveCfg = Release|Any CPU
		{14C5B6B5-999A-4611-B807-E07BB4C3A6B2}.Release|Any CPU.Build.0 = Release|Any CPU
		{C4F3146D-EE8C-41FB-84BE-C384BEB75E8B}.Debug|Any CPU.ActiveCfg = Debug|Any CPU
		{C4F3146D-EE8C-41FB-84BE-C384BEB75E8B}.Debug|Any CPU.Build.0 = Debug|Any CPU
		{C4F3146D-EE8C-41FB-84BE-C384BEB75E8B}.Release|Any CPU.ActiveCfg = Release|Any CPU
		{C4F3146D-EE8C-41FB-84BE-C384BEB75E8B}.Release|Any CPU.Build.0 = Release|Any CPU
		{3D8B7ACE-1C2F-4C28-988E-D73D8D8EB08E}.Debug|Any CPU.ActiveCfg = Debug|Any CPU
		{3D8B7ACE-1C2F-4C28-988E-D73D8D8EB08E}.Debug|Any CPU.Build.0 = Debug|Any CPU
		{3D8B7ACE-1C2F-4C28-988E-D73D8D8EB08E}.Debug|Any CPU.Deploy.0 = Debug|Any CPU
		{3D8B7ACE-1C2F-4C28-988E-D73D8D8EB08E}.Release|Any CPU.ActiveCfg = Release|Any CPU
		{3D8B7ACE-1C2F-4C28-988E-D73D8D8EB08E}.Release|Any CPU.Build.0 = Release|Any CPU
		{3D8B7ACE-1C2F-4C28-988E-D73D8D8EB08E}.Release|Any CPU.Deploy.0 = Release|Any CPU
	EndGlobalSection
	GlobalSection(SolutionProperties) = preSolution
		HideSolutionNode = FALSE
	EndGlobalSection
	GlobalSection(NestedProjects) = preSolution
		{AE0F3EBC-25A7-4979-9F14-15E67CE7C3F5} = {DF5A7D5A-E512-489F-B603-BBBCF1C575A9}
		{320DED7B-F5DA-4393-9EA3-8E94EC563B34} = {DCC6F7A0-3DC4-4564-A410-95A90EE742C1}
		{14C5B6B5-999A-4611-B807-E07BB4C3A6B2} = {3F5FFCA3-1E45-4E47-A23D-A671372E992F}
		{C4F3146D-EE8C-41FB-84BE-C384BEB75E8B} = {DF5A7D5A-E512-489F-B603-BBBCF1C575A9}
		{3D8B7ACE-1C2F-4C28-988E-D73D8D8EB08E} = {3F5FFCA3-1E45-4E47-A23D-A671372E992F}
	EndGlobalSection
	GlobalSection(ExtensibilityGlobals) = postSolution
		SolutionGuid = {32C66F20-7AC8-4234-BAC7-47B27480500B}
	EndGlobalSection
EndGlobal
